registry_version: 1.0.0
stack: go-next-postgres
standards:
  agent/base: 1.0.0
  framework/lifecycle: 1.0.0
  backend/go: 1.0.0
  frontend/next: 1.0.0
  database/postgres: 1.0.0
  api/openapi-modular: 1.0.0
  testing/tdd-strict: 1.0.0
  security/no-secrets: 1.0.0
  observability/three-signals: 1.0.0
  ui/shadcn-compact: 1.0.0
templates:
  backend/go: 1.0.0
  frontend/next: 1.0.0
  database/postgres: 1.0.0
  contracts/openapi: 1.0.0
features:
